
Microsoft Visual Studio Solution File, Format Version 12.00
# Visual Studio 2013
VisualStudioVersion = 12.0.21005.1
MinimumVisualStudioVersion = 10.0.40219.1
Project("{FAE04EC0-301F-11D3-BF4B-00C04F79EFBC}") = "MouseButtonEvent", "MouseButtonEvent\MouseButtonEvent.csproj", "{3527EC78-0C2C-451B-97A4-5C86EE286900}"
EndProject
Project("{FAE04EC0-301F-11D3-BF4B-00C04F79EFBC}") = "StaticSomething", "StaticSomething\StaticSomething.csproj", "{48A35DFB-3081-4D8F-9BDE-AEE63B04F7A3}"
EndProject
Project("{FAE04EC0-301F-11D3-BF4B-00C04F79EFBC}") = "Attribute", "Attribute\Attribute.csproj", "{0BEDBB45-C930-4D26-A536-433B50F13387}"
EndProject
Project("{FAE04EC0-301F-11D3-BF4B-00C04F79EFBC}") = "MyDragDrop", "MyDragDrop\MyDragDrop.csproj", "{C7A236B2-B9C5-4B58-A3CB-ACD2ED640A4E}"
EndProject
Project("{FAE04EC0-301F-11D3-BF4B-00C04F79EFBC}") = "MyControlTemplate", "MyControlTemplate\MyControlTemplate.csproj", "{7D3F76A0-86C1-4341-B98D-75FA0499E85E}"
EndProject
Project("{FAE04EC0-301F-11D3-BF4B-00C04F79EFBC}") = "CLG", "CLG\CLG.csproj", "{99FD0F7C-1746-4D8A-9BD0-555D1BAF7FD9}"
EndProject
Project("{FAE04EC0-301F-11D3-BF4B-00C04F79EFBC}") = "MouseDownEvent", "MouseDownEvent\MouseDownEvent.csproj", "{16257EBC-A6E3-402F-98FD-A8CC5162E402}"
EndProject
Project("{FAE04EC0-301F-11D3-BF4B-00C04F79EFBC}") = "WPFStory", "WPFStory\WPFStory.csproj", "{3D1DE0D4-F5FB-40AC-ABD5-116CA37A2047}"
EndProject
Project("{FAE04EC0-301F-11D3-BF4B-00C04F79EFBC}") = "BasicCsharp", "BasicCsharp\BasicCsharp.csproj", "{C65B4132-BC2E-461A-915D-96B93526C78F}"
EndProject
Project("{FAE04EC0-301F-11D3-BF4B-00C04F79EFBC}") = "StaticVSDynamic", "StaticVSDynamic\StaticVSDynamic.csproj", "{DA766473-8318-4371-958A-56CD08E76119}"
EndProject
Project("{FAE04EC0-301F-11D3-BF4B-00C04F79EFBC}") = "WPFShadow", "WPFShadow\WPFShadow.csproj", "{30627264-F51A-499E-AF25-0F443EEA05BE}"
EndProject
Project("{FAE04EC0-301F-11D3-BF4B-00C04F79EFBC}") = "DateTimeControl", "DateTimeControl\DateTimeControl.csproj", "{C5D3809D-E31B-4B35-8965-701E7119B810}"
EndProject
Project("{FAE04EC0-301F-11D3-BF4B-00C04F79EFBC}") = "MyConverter", "MyConverter\MyConverter.csproj", "{17C2D26D-CCF5-4B63-8126-FF1ECB5308D8}"
EndProject
Project("{FAE04EC0-301F-11D3-BF4B-00C04F79EFBC}") = "CreateFileOrFolder", "CreateFileOrFolder\CreateFileOrFolder.csproj", "{19C63F82-91B3-4881-8915-2EDD45E4DAD3}"
EndProject
Project("{FAE04EC0-301F-11D3-BF4B-00C04F79EFBC}") = "XmlOperation", "XmlOperation\XmlOperation.csproj", "{714822D8-ECCF-4B71-AAB7-512A4043D8CA}"
EndProject
Project("{FAE04EC0-301F-11D3-BF4B-00C04F79EFBC}") = "ImageOperation", "ImageOperation\ImageOperation.csproj", "{EFCBB64A-97FB-40C8-B1D4-FD61279A59FC}"
EndProject
Project("{FAE04EC0-301F-11D3-BF4B-00C04F79EFBC}") = "WPFTreeView", "WPFTreeView\WPFTreeView.csproj", "{9E927389-E1F6-4309-9660-8E833531E453}"
EndProject
Project("{FAE04EC0-301F-11D3-BF4B-00C04F79EFBC}") = "AnimatedFlag", "AnimatedFlag\AnimatedFlag.csproj", "{62C6CD74-DB48-44D0-82BC-3D36BBD7E340}"
EndProject
Global
	GlobalSection(SolutionConfigurationPlatforms) = preSolution
		Debug|Any CPU = Debug|Any CPU
		Debug|Mixed Platforms = Debug|Mixed Platforms
		Debug|x86 = Debug|x86
		Release|Any CPU = Release|Any CPU
		Release|Mixed Platforms = Release|Mixed Platforms
		Release|x86 = Release|x86
	EndGlobalSection
	GlobalSection(ProjectConfigurationPlatforms) = postSolution
		{3527EC78-0C2C-451B-97A4-5C86EE286900}.Debug|Any CPU.ActiveCfg = Debug|Any CPU
		{3527EC78-0C2C-451B-97A4-5C86EE286900}.Debug|Any CPU.Build.0 = Debug|Any CPU
		{3527EC78-0C2C-451B-97A4-5C86EE286900}.Debug|Mixed Platforms.ActiveCfg = Debug|Any CPU
		{3527EC78-0C2C-451B-97A4-5C86EE286900}.Debug|Mixed Platforms.Build.0 = Debug|Any CPU
		{3527EC78-0C2C-451B-97A4-5C86EE286900}.Debug|x86.ActiveCfg = Debug|Any CPU
		{3527EC78-0C2C-451B-97A4-5C86EE286900}.Release|Any CPU.ActiveCfg = Release|Any CPU
		{3527EC78-0C2C-451B-97A4-5C86EE286900}.Release|Any CPU.Build.0 = Release|Any CPU
		{3527EC78-0C2C-451B-97A4-5C86EE286900}.Release|Mixed Platforms.ActiveCfg = Release|Any CPU
		{3527EC78-0C2C-451B-97A4-5C86EE286900}.Release|Mixed Platforms.Build.0 = Release|Any CPU
		{3527EC78-0C2C-451B-97A4-5C86EE286900}.Release|x86.ActiveCfg = Release|Any CPU
		{48A35DFB-3081-4D8F-9BDE-AEE63B04F7A3}.Debug|Any CPU.ActiveCfg = Debug|Any CPU
		{48A35DFB-3081-4D8F-9BDE-AEE63B04F7A3}.Debug|Any CPU.Build.0 = Debug|Any CPU
		{48A35DFB-3081-4D8F-9BDE-AEE63B04F7A3}.Debug|Mixed Platforms.ActiveCfg = Debug|Any CPU
		{48A35DFB-3081-4D8F-9BDE-AEE63B04F7A3}.Debug|Mixed Platforms.Build.0 = Debug|Any CPU
		{48A35DFB-3081-4D8F-9BDE-AEE63B04F7A3}.Debug|x86.ActiveCfg = Debug|Any CPU
		{48A35DFB-3081-4D8F-9BDE-AEE63B04F7A3}.Release|Any CPU.ActiveCfg = Release|Any CPU
		{48A35DFB-3081-4D8F-9BDE-AEE63B04F7A3}.Release|Any CPU.Build.0 = Release|Any CPU
		{48A35DFB-3081-4D8F-9BDE-AEE63B04F7A3}.Release|Mixed Platforms.ActiveCfg = Release|Any CPU
		{48A35DFB-3081-4D8F-9BDE-AEE63B04F7A3}.Release|Mixed Platforms.Build.0 = Release|Any CPU
		{48A35DFB-3081-4D8F-9BDE-AEE63B04F7A3}.Release|x86.ActiveCfg = Release|Any CPU
		{0BEDBB45-C930-4D26-A536-433B50F13387}.Debug|Any CPU.ActiveCfg = Debug|Any CPU
		{0BEDBB45-C930-4D26-A536-433B50F13387}.Debug|Any CPU.Build.0 = Debug|Any CPU
		{0BEDBB45-C930-4D26-A536-433B50F13387}.Debug|Mixed Platforms.ActiveCfg = Debug|Any CPU
		{0BEDBB45-C930-4D26-A536-433B50F13387}.Debug|Mixed Platforms.Build.0 = Debug|Any CPU
		{0BEDBB45-C930-4D26-A536-433B50F13387}.Debug|x86.ActiveCfg = Debug|Any CPU
		{0BEDBB45-C930-4D26-A536-433B50F13387}.Release|Any CPU.ActiveCfg = Release|Any CPU
		{0BEDBB45-C930-4D26-A536-433B50F13387}.Release|Any CPU.Build.0 = Release|Any CPU
		{0BEDBB45-C930-4D26-A536-433B50F13387}.Release|Mixed Platforms.ActiveCfg = Release|Any CPU
		{0BEDBB45-C930-4D26-A536-433B50F13387}.Release|Mixed Platforms.Build.0 = Release|Any CPU
		{0BEDBB45-C930-4D26-A536-433B50F13387}.Release|x86.ActiveCfg = Release|Any CPU
		{C7A236B2-B9C5-4B58-A3CB-ACD2ED640A4E}.Debug|Any CPU.ActiveCfg = Debug|Any CPU
		{C7A236B2-B9C5-4B58-A3CB-ACD2ED640A4E}.Debug|Any CPU.Build.0 = Debug|Any CPU
		{C7A236B2-B9C5-4B58-A3CB-ACD2ED640A4E}.Debug|Mixed Platforms.ActiveCfg = Debug|Any CPU
		{C7A236B2-B9C5-4B58-A3CB-ACD2ED640A4E}.Debug|Mixed Platforms.Build.0 = Debug|Any CPU
		{C7A236B2-B9C5-4B58-A3CB-ACD2ED640A4E}.Debug|x86.ActiveCfg = Debug|Any CPU
		{C7A236B2-B9C5-4B58-A3CB-ACD2ED640A4E}.Release|Any CPU.ActiveCfg = Release|Any CPU
		{C7A236B2-B9C5-4B58-A3CB-ACD2ED640A4E}.Release|Any CPU.Build.0 = Release|Any CPU
		{C7A236B2-B9C5-4B58-A3CB-ACD2ED640A4E}.Release|Mixed Platforms.ActiveCfg = Release|Any CPU
		{C7A236B2-B9C5-4B58-A3CB-ACD2ED640A4E}.Release|Mixed Platforms.Build.0 = Release|Any CPU
		{C7A236B2-B9C5-4B58-A3CB-ACD2ED640A4E}.Release|x86.ActiveCfg = Release|Any CPU
		{7D3F76A0-86C1-4341-B98D-75FA0499E85E}.Debug|Any CPU.ActiveCfg = Debug|Any CPU
		{7D3F76A0-86C1-4341-B98D-75FA0499E85E}.Debug|Any CPU.Build.0 = Debug|Any CPU
		{7D3F76A0-86C1-4341-B98D-75FA0499E85E}.Debug|Mixed Platforms.ActiveCfg = Debug|Any CPU
		{7D3F76A0-86C1-4341-B98D-75FA0499E85E}.Debug|Mixed Platforms.Build.0 = Debug|Any CPU
		{7D3F76A0-86C1-4341-B98D-75FA0499E85E}.Debug|x86.ActiveCfg = Debug|Any CPU
		{7D3F76A0-86C1-4341-B98D-75FA0499E85E}.Release|Any CPU.ActiveCfg = Release|Any CPU
		{7D3F76A0-86C1-4341-B98D-75FA0499E85E}.Release|Any CPU.Build.0 = Release|Any CPU
		{7D3F76A0-86C1-4341-B98D-75FA0499E85E}.Release|Mixed Platforms.ActiveCfg = Release|Any CPU
		{7D3F76A0-86C1-4341-B98D-75FA0499E85E}.Release|Mixed Platforms.Build.0 = Release|Any CPU
		{7D3F76A0-86C1-4341-B98D-75FA0499E85E}.Release|x86.ActiveCfg = Release|Any CPU
		{99FD0F7C-1746-4D8A-9BD0-555D1BAF7FD9}.Debug|Any CPU.ActiveCfg = Debug|Any CPU
		{99FD0F7C-1746-4D8A-9BD0-555D1BAF7FD9}.Debug|Any CPU.Build.0 = Debug|Any CPU
		{99FD0F7C-1746-4D8A-9BD0-555D1BAF7FD9}.Debug|Mixed Platforms.ActiveCfg = Debug|Any CPU
		{99FD0F7C-1746-4D8A-9BD0-555D1BAF7FD9}.Debug|Mixed Platforms.Build.0 = Debug|Any CPU
		{99FD0F7C-1746-4D8A-9BD0-555D1BAF7FD9}.Debug|x86.ActiveCfg = Debug|Any CPU
		{99FD0F7C-1746-4D8A-9BD0-555D1BAF7FD9}.Release|Any CPU.ActiveCfg = Release|Any CPU
		{99FD0F7C-1746-4D8A-9BD0-555D1BAF7FD9}.Release|Any CPU.Build.0 = Release|Any CPU
		{99FD0F7C-1746-4D8A-9BD0-555D1BAF7FD9}.Release|Mixed Platforms.ActiveCfg = Release|Any CPU
		{99FD0F7C-1746-4D8A-9BD0-555D1BAF7FD9}.Release|Mixed Platforms.Build.0 = Release|Any CPU
		{99FD0F7C-1746-4D8A-9BD0-555D1BAF7FD9}.Release|x86.ActiveCfg = Release|Any CPU
		{16257EBC-A6E3-402F-98FD-A8CC5162E402}.Debug|Any CPU.ActiveCfg = Debug|Any CPU
		{16257EBC-A6E3-402F-98FD-A8CC5162E402}.Debug|Any CPU.Build.0 = Debug|Any CPU
		{16257EBC-A6E3-402F-98FD-A8CC5162E402}.Debug|Mixed Platforms.ActiveCfg = Debug|Any CPU
		{16257EBC-A6E3-402F-98FD-A8CC5162E402}.Debug|Mixed Platforms.Build.0 = Debug|Any CPU
		{16257EBC-A6E3-402F-98FD-A8CC5162E402}.Debug|x86.ActiveCfg = Debug|Any CPU
		{16257EBC-A6E3-402F-98FD-A8CC5162E402}.Release|Any CPU.ActiveCfg = Release|Any CPU
		{16257EBC-A6E3-402F-98FD-A8CC5162E402}.Release|Any CPU.Build.0 = Release|Any CPU
		{16257EBC-A6E3-402F-98FD-A8CC5162E402}.Release|Mixed Platforms.ActiveCfg = Release|Any CPU
		{16257EBC-A6E3-402F-98FD-A8CC5162E402}.Release|Mixed Platforms.Build.0 = Release|Any CPU
		{16257EBC-A6E3-402F-98FD-A8CC5162E402}.Release|x86.ActiveCfg = Release|Any CPU
		{3D1DE0D4-F5FB-40AC-ABD5-116CA37A2047}.Debug|Any CPU.ActiveCfg = Debug|Any CPU
		{3D1DE0D4-F5FB-40AC-ABD5-116CA37A2047}.Debug|Any CPU.Build.0 = Debug|Any CPU
		{3D1DE0D4-F5FB-40AC-ABD5-116CA37A2047}.Debug|Mixed Platforms.ActiveCfg = Debug|Any CPU
		{3D1DE0D4-F5FB-40AC-ABD5-116CA37A2047}.Debug|Mixed Platforms.Build.0 = Debug|Any CPU
		{3D1DE0D4-F5FB-40AC-ABD5-116CA37A2047}.Debug|x86.ActiveCfg = Debug|Any CPU
		{3D1DE0D4-F5FB-40AC-ABD5-116CA37A2047}.Release|Any CPU.ActiveCfg = Release|Any CPU
		{3D1DE0D4-F5FB-40AC-ABD5-116CA37A2047}.Release|Any CPU.Build.0 = Release|Any CPU
		{3D1DE0D4-F5FB-40AC-ABD5-116CA37A2047}.Release|Mixed Platforms.ActiveCfg = Release|Any CPU
		{3D1DE0D4-F5FB-40AC-ABD5-116CA37A2047}.Release|Mixed Platforms.Build.0 = Release|Any CPU
		{3D1DE0D4-F5FB-40AC-ABD5-116CA37A2047}.Release|x86.ActiveCfg = Release|Any CPU
		{C65B4132-BC2E-461A-915D-96B93526C78F}.Debug|Any CPU.ActiveCfg = Debug|Any CPU
		{C65B4132-BC2E-461A-915D-96B93526C78F}.Debug|Any CPU.Build.0 = Debug|Any CPU
		{C65B4132-BC2E-461A-915D-96B93526C78F}.Debug|Mixed Platforms.ActiveCfg = Debug|Any CPU
		{C65B4132-BC2E-461A-915D-96B93526C78F}.Debug|Mixed Platforms.Build.0 = Debug|Any CPU
		{C65B4132-BC2E-461A-915D-96B93526C78F}.Debug|x86.ActiveCfg = Debug|Any CPU
		{C65B4132-BC2E-461A-915D-96B93526C78F}.Release|Any CPU.ActiveCfg = Release|Any CPU
		{C65B4132-BC2E-461A-915D-96B93526C78F}.Release|Any CPU.Build.0 = Release|Any CPU
		{C65B4132-BC2E-461A-915D-96B93526C78F}.Release|Mixed Platforms.ActiveCfg = Release|Any CPU
		{C65B4132-BC2E-461A-915D-96B93526C78F}.Release|Mixed Platforms.Build.0 = Release|Any CPU
		{C65B4132-BC2E-461A-915D-96B93526C78F}.Release|x86.ActiveCfg = Release|Any CPU
		{DA766473-8318-4371-958A-56CD08E76119}.Debug|Any CPU.ActiveCfg = Debug|Any CPU
		{DA766473-8318-4371-958A-56CD08E76119}.Debug|Any CPU.Build.0 = Debug|Any CPU
		{DA766473-8318-4371-958A-56CD08E76119}.Debug|Mixed Platforms.ActiveCfg = Debug|Any CPU
		{DA766473-8318-4371-958A-56CD08E76119}.Debug|Mixed Platforms.Build.0 = Debug|Any CPU
		{DA766473-8318-4371-958A-56CD08E76119}.Debug|x86.ActiveCfg = Debug|Any CPU
		{DA766473-8318-4371-958A-56CD08E76119}.Release|Any CPU.ActiveCfg = Release|Any CPU
		{DA766473-8318-4371-958A-56CD08E76119}.Release|Any CPU.Build.0 = Release|Any CPU
		{DA766473-8318-4371-958A-56CD08E76119}.Release|Mixed Platforms.ActiveCfg = Release|Any CPU
		{DA766473-8318-4371-958A-56CD08E76119}.Release|Mixed Platforms.Build.0 = Release|Any CPU
		{DA766473-8318-4371-958A-56CD08E76119}.Release|x86.ActiveCfg = Release|Any CPU
		{30627264-F51A-499E-AF25-0F443EEA05BE}.Debug|Any CPU.ActiveCfg = Debug|Any CPU
		{30627264-F51A-499E-AF25-0F443EEA05BE}.Debug|Any CPU.Build.0 = Debug|Any CPU
		{30627264-F51A-499E-AF25-0F443EEA05BE}.Debug|Mixed Platforms.ActiveCfg = Debug|Any CPU
		{30627264-F51A-499E-AF25-0F443EEA05BE}.Debug|Mixed Platforms.Build.0 = Debug|Any CPU
		{30627264-F51A-499E-AF25-0F443EEA05BE}.Debug|x86.ActiveCfg = Debug|Any CPU
		{30627264-F51A-499E-AF25-0F443EEA05BE}.Release|Any CPU.ActiveCfg = Release|Any CPU
		{30627264-F51A-499E-AF25-0F443EEA05BE}.Release|Any CPU.Build.0 = Release|Any CPU
		{30627264-F51A-499E-AF25-0F443EEA05BE}.Release|Mixed Platforms.ActiveCfg = Release|Any CPU
		{30627264-F51A-499E-AF25-0F443EEA05BE}.Release|Mixed Platforms.Build.0 = Release|Any CPU
		{30627264-F51A-499E-AF25-0F443EEA05BE}.Release|x86.ActiveCfg = Release|Any CPU
		{C5D3809D-E31B-4B35-8965-701E7119B810}.Debug|Any CPU.ActiveCfg = Debug|Any CPU
		{C5D3809D-E31B-4B35-8965-701E7119B810}.Debug|Any CPU.Build.0 = Debug|Any CPU
		{C5D3809D-E31B-4B35-8965-701E7119B810}.Debug|Mixed Platforms.ActiveCfg = Debug|Any CPU
		{C5D3809D-E31B-4B35-8965-701E7119B810}.Debug|Mixed Platforms.Build.0 = Debug|Any CPU
		{C5D3809D-E31B-4B35-8965-701E7119B810}.Debug|x86.ActiveCfg = Debug|Any CPU
		{C5D3809D-E31B-4B35-8965-701E7119B810}.Release|Any CPU.ActiveCfg = Release|Any CPU
		{C5D3809D-E31B-4B35-8965-701E7119B810}.Release|Any CPU.Build.0 = Release|Any CPU
		{C5D3809D-E31B-4B35-8965-701E7119B810}.Release|Mixed Platforms.ActiveCfg = Release|Any CPU
		{C5D3809D-E31B-4B35-8965-701E7119B810}.Release|Mixed Platforms.Build.0 = Release|Any CPU
		{C5D3809D-E31B-4B35-8965-701E7119B810}.Release|x86.ActiveCfg = Release|Any CPU
		{17C2D26D-CCF5-4B63-8126-FF1ECB5308D8}.Debug|Any CPU.ActiveCfg = Debug|Any CPU
		{17C2D26D-CCF5-4B63-8126-FF1ECB5308D8}.Debug|Any CPU.Build.0 = Debug|Any CPU
		{17C2D26D-CCF5-4B63-8126-FF1ECB5308D8}.Debug|Mixed Platforms.ActiveCfg = Debug|Any CPU
		{17C2D26D-CCF5-4B63-8126-FF1ECB5308D8}.Debug|Mixed Platforms.Build.0 = Debug|Any CPU
		{17C2D26D-CCF5-4B63-8126-FF1ECB5308D8}.Debug|x86.ActiveCfg = Debug|Any CPU
		{17C2D26D-CCF5-4B63-8126-FF1ECB5308D8}.Release|Any CPU.ActiveCfg = Release|Any CPU
		{17C2D26D-CCF5-4B63-8126-FF1ECB5308D8}.Release|Any CPU.Build.0 = Release|Any CPU
		{17C2D26D-CCF5-4B63-8126-FF1ECB5308D8}.Release|Mixed Platforms.ActiveCfg = Release|Any CPU
		{17C2D26D-CCF5-4B63-8126-FF1ECB5308D8}.Release|Mixed Platforms.Build.0 = Release|Any CPU
		{17C2D26D-CCF5-4B63-8126-FF1ECB5308D8}.Release|x86.ActiveCfg = Release|Any CPU
		{19C63F82-91B3-4881-8915-2EDD45E4DAD3}.Debug|Any CPU.ActiveCfg = Debug|Any CPU
		{19C63F82-91B3-4881-8915-2EDD45E4DAD3}.Debug|Any CPU.Build.0 = Debug|Any CPU
		{19C63F82-91B3-4881-8915-2EDD45E4DAD3}.Debug|Mixed Platforms.ActiveCfg = Debug|Any CPU
		{19C63F82-91B3-4881-8915-2EDD45E4DAD3}.Debug|Mixed Platforms.Build.0 = Debug|Any CPU
		{19C63F82-91B3-4881-8915-2EDD45E4DAD3}.Debug|x86.ActiveCfg = Debug|Any CPU
		{19C63F82-91B3-4881-8915-2EDD45E4DAD3}.Release|Any CPU.ActiveCfg = Release|Any CPU
		{19C63F82-91B3-4881-8915-2EDD45E4DAD3}.Release|Any CPU.Build.0 = Release|Any CPU
		{19C63F82-91B3-4881-8915-2EDD45E4DAD3}.Release|Mixed Platforms.ActiveCfg = Release|Any CPU
		{19C63F82-91B3-4881-8915-2EDD45E4DAD3}.Release|Mixed Platforms.Build.0 = Release|Any CPU
		{19C63F82-91B3-4881-8915-2EDD45E4DAD3}.Release|x86.ActiveCfg = Release|Any CPU
		{714822D8-ECCF-4B71-AAB7-512A4043D8CA}.Debug|Any CPU.ActiveCfg = Debug|Any CPU
		{714822D8-ECCF-4B71-AAB7-512A4043D8CA}.Debug|Any CPU.Build.0 = Debug|Any CPU
		{714822D8-ECCF-4B71-AAB7-512A4043D8CA}.Debug|Mixed Platforms.ActiveCfg = Debug|Any CPU
		{714822D8-ECCF-4B71-AAB7-512A4043D8CA}.Debug|Mixed Platforms.Build.0 = Debug|Any CPU
		{714822D8-ECCF-4B71-AAB7-512A4043D8CA}.Debug|x86.ActiveCfg = Debug|Any CPU
		{714822D8-ECCF-4B71-AAB7-512A4043D8CA}.Release|Any CPU.ActiveCfg = Release|Any CPU
		{714822D8-ECCF-4B71-AAB7-512A4043D8CA}.Release|Any CPU.Build.0 = Release|Any CPU
		{714822D8-ECCF-4B71-AAB7-512A4043D8CA}.Release|Mixed Platforms.ActiveCfg = Release|Any CPU
		{714822D8-ECCF-4B71-AAB7-512A4043D8CA}.Release|Mixed Platforms.Build.0 = Release|Any CPU
		{714822D8-ECCF-4B71-AAB7-512A4043D8CA}.Release|x86.ActiveCfg = Release|Any CPU
		{EFCBB64A-97FB-40C8-B1D4-FD61279A59FC}.Debug|Any CPU.ActiveCfg = Debug|Any CPU
		{EFCBB64A-97FB-40C8-B1D4-FD61279A59FC}.Debug|Any CPU.Build.0 = Debug|Any CPU
		{EFCBB64A-97FB-40C8-B1D4-FD61279A59FC}.Debug|Mixed Platforms.ActiveCfg = Debug|Any CPU
		{EFCBB64A-97FB-40C8-B1D4-FD61279A59FC}.Debug|Mixed Platforms.Build.0 = Debug|Any CPU
		{EFCBB64A-97FB-40C8-B1D4-FD61279A59FC}.Debug|x86.ActiveCfg = Debug|Any CPU
		{EFCBB64A-97FB-40C8-B1D4-FD61279A59FC}.Release|Any CPU.ActiveCfg = Release|Any CPU
		{EFCBB64A-97FB-40C8-B1D4-FD61279A59FC}.Release|Any CPU.Build.0 = Release|Any CPU
		{EFCBB64A-97FB-40C8-B1D4-FD61279A59FC}.Release|Mixed Platforms.ActiveCfg = Release|Any CPU
		{EFCBB64A-97FB-40C8-B1D4-FD61279A59FC}.Release|Mixed Platforms.Build.0 = Release|Any CPU
		{EFCBB64A-97FB-40C8-B1D4-FD61279A59FC}.Release|x86.ActiveCfg = Release|Any CPU
		{9E927389-E1F6-4309-9660-8E833531E453}.Debug|Any CPU.ActiveCfg = Debug|Any CPU
		{9E927389-E1F6-4309-9660-8E833531E453}.Debug|Any CPU.Build.0 = Debug|Any CPU
		{9E927389-E1F6-4309-9660-8E833531E453}.Debug|Mixed Platforms.ActiveCfg = Debug|Any CPU
		{9E927389-E1F6-4309-9660-8E833531E453}.Debug|Mixed Platforms.Build.0 = Debug|Any CPU
		{9E927389-E1F6-4309-9660-8E833531E453}.Debug|x86.ActiveCfg = Debug|Any CPU
		{9E927389-E1F6-4309-9660-8E833531E453}.Release|Any CPU.ActiveCfg = Release|Any CPU
		{9E927389-E1F6-4309-9660-8E833531E453}.Release|Any CPU.Build.0 = Release|Any CPU
		{9E927389-E1F6-4309-9660-8E833531E453}.Release|Mixed Platforms.ActiveCfg = Release|Any CPU
		{9E927389-E1F6-4309-9660-8E833531E453}.Release|Mixed Platforms.Build.0 = Release|Any CPU
		{9E927389-E1F6-4309-9660-8E833531E453}.Release|x86.ActiveCfg = Release|Any CPU
		{62C6CD74-DB48-44D0-82BC-3D36BBD7E340}.Debug|Any CPU.ActiveCfg = Debug|x86
		{62C6CD74-DB48-44D0-82BC-3D36BBD7E340}.Debug|Mixed Platforms.ActiveCfg = Debug|x86
		{62C6CD74-DB48-44D0-82BC-3D36BBD7E340}.Debug|Mixed Platforms.Build.0 = Debug|x86
		{62C6CD74-DB48-44D0-82BC-3D36BBD7E340}.Debug|x86.ActiveCfg = Debug|x86
		{62C6CD74-DB48-44D0-82BC-3D36BBD7E340}.Debug|x86.Build.0 = Debug|x86
		{62C6CD74-DB48-44D0-82BC-3D36BBD7E340}.Release|Any CPU.ActiveCfg = Release|x86
		{62C6CD74-DB48-44D0-82BC-3D36BBD7E340}.Release|Mixed Platforms.ActiveCfg = Release|x86
		{62C6CD74-DB48-44D0-82BC-3D36BBD7E340}.Release|Mixed Platforms.Build.0 = Release|x86
		{62C6CD74-DB48-44D0-82BC-3D36BBD7E340}.Release|x86.ActiveCfg = Release|x86
		{62C6CD74-DB48-44D0-82BC-3D36BBD7E340}.Release|x86.Build.0 = Release|x86
	EndGlobalSection
	GlobalSection(SolutionProperties) = preSolution
		HideSolutionNode = FALSE
	EndGlobalSection
EndGlobal
